// !$*UTF8*$!
{
	archiveVersion = 1;
	classes = {
	};
	objectVersion = 55;
	objects = {

/* Begin PBXBuildFile section */
		7B19706E28874D81007534E2 /* AppDelegate.swift in Sources */ = {isa = PBXBuildFile; fileRef = 7B19706D28874D81007534E2 /* AppDelegate.swift */; };
		7B19707028874D81007534E2 /* SceneDelegate.swift in Sources */ = {isa = PBXBuildFile; fileRef = 7B19706F28874D81007534E2 /* SceneDelegate.swift */; };
		7B19707228874D81007534E2 /* ViewController.swift in Sources */ = {isa = PBXBuildFile; fileRef = 7B19707128874D81007534E2 /* ViewController.swift */; };
		7B19707528874D81007534E2 /* Main.storyboard in Resources */ = {isa = PBXBuildFile; fileRef = 7B19707328874D81007534E2 /* Main.storyboard */; };
		7B19707828874D81007534E2 /* final_project.xcdatamodeld in Sources */ = {isa = PBXBuildFile; fileRef = 7B19707628874D81007534E2 /* final_project.xcdatamodeld */; };
		7B19707A28874D82007534E2 /* Assets.xcassets in Resources */ = {isa = PBXBuildFile; fileRef = 7B19707928874D82007534E2 /* Assets.xcassets */; };
		7B19707D28874D82007534E2 /* LaunchScreen.storyboard in Resources */ = {isa = PBXBuildFile; fileRef = 7B19707B28874D82007534E2 /* LaunchScreen.storyboard */; };
		7B1970852887524F007534E2 /* checkInViewController.swift in Sources */ = {isa = PBXBuildFile; fileRef = 7B1970842887524F007534E2 /* checkInViewController.swift */; };
		7B1970872887525F007534E2 /* informationViewController.swift in Sources */ = {isa = PBXBuildFile; fileRef = 7B1970862887525F007534E2 /* informationViewController.swift */; };
		7B19708B28875743007534E2 /* featureOneViewController.swift in Sources */ = {isa = PBXBuildFile; fileRef = 7B19708A28875743007534E2 /* featureOneViewController.swift */; };
		7B19708D2887576A007534E2 /* featureTwoViewController.swift in Sources */ = {isa = PBXBuildFile; fileRef = 7B19708C2887576A007534E2 /* featureTwoViewController.swift */; };
		7B19708F28875787007534E2 /* featureThreeViewController.swift in Sources */ = {isa = PBXBuildFile; fileRef = 7B19708E28875787007534E2 /* featureThreeViewController.swift */; };
		7B197091288757A4007534E2 /* hotlinesAndResourcesViewController.swift in Sources */ = {isa = PBXBuildFile; fileRef = 7B197090288757A4007534E2 /* hotlinesAndResourcesViewController.swift */; };
		7B1970B628876449007534E2 /* anxietyInfoViewController.swift in Sources */ = {isa = PBXBuildFile; fileRef = 7B1970B528876449007534E2 /* anxietyInfoViewController.swift */; };
		7B1970B828876463007534E2 /* panicAttacksInfoViewController.swift in Sources */ = {isa = PBXBuildFile; fileRef = 7B1970B728876463007534E2 /* panicAttacksInfoViewController.swift */; };
		7B1970BA2887648F007534E2 /* differenceAnxietyPanicAttackViewController.swift in Sources */ = {isa = PBXBuildFile; fileRef = 7B1970B92887648F007534E2 /* differenceAnxietyPanicAttackViewController.swift */; };
		7B1970BC288764AE007534E2 /* learnEvenMoreViewController.swift in Sources */ = {isa = PBXBuildFile; fileRef = 7B1970BB288764AE007534E2 /* learnEvenMoreViewController.swift */; };
/* End PBXBuildFile section */

/* Begin PBXFileReference section */
		7B19706A28874D81007534E2 /* final project.app */ = {isa = PBXFileReference; explicitFileType = wrapper.application; includeInIndex = 0; path = "final project.app"; sourceTree = BUILT_PRODUCTS_DIR; };
		7B19706D28874D81007534E2 /* AppDelegate.swift */ = {isa = PBXFileReference; lastKnownFileType = sourcecode.swift; path = AppDelegate.swift; sourceTree = "<group>"; };
		7B19706F28874D81007534E2 /* SceneDelegate.swift */ = {isa = PBXFileReference; lastKnownFileType = sourcecode.swift; path = SceneDelegate.swift; sourceTree = "<group>"; };
		7B19707128874D81007534E2 /* ViewController.swift */ = {isa = PBXFileReference; lastKnownFileType = sourcecode.swift; path = ViewController.swift; sourceTree = "<group>"; };
		7B19707428874D81007534E2 /* Base */ = {isa = PBXFileReference; lastKnownFileType = file.storyboard; name = Base; path = Base.lproj/Main.storyboard; sourceTree = "<group>"; };
		7B19707728874D81007534E2 /* final_project.xcdatamodel */ = {isa = PBXFileReference; lastKnownFileType = wrapper.xcdatamodel; path = final_project.xcdatamodel; sourceTree = "<group>"; };
		7B19707928874D82007534E2 /* Assets.xcassets */ = {isa = PBXFileReference; lastKnownFileType = folder.assetcatalog; path = Assets.xcassets; sourceTree = "<group>"; };
		7B19707C28874D82007534E2 /* Base */ = {isa = PBXFileReference; lastKnownFileType = file.storyboard; name = Base; path = Base.lproj/LaunchScreen.storyboard; sourceTree = "<group>"; };
		7B19707E28874D82007534E2 /* Info.plist */ = {isa = PBXFileReference; lastKnownFileType = text.plist.xml; path = Info.plist; sourceTree = "<group>"; };
		7B1970842887524F007534E2 /* checkInViewController.swift */ = {isa = PBXFileReference; lastKnownFileType = sourcecode.swift; path = checkInViewController.swift; sourceTree = "<group>"; };
		7B1970862887525F007534E2 /* informationViewController.swift */ = {isa = PBXFileReference; lastKnownFileType = sourcecode.swift; path = informationViewController.swift; sourceTree = "<group>"; };
		7B19708A28875743007534E2 /* featureOneViewController.swift */ = {isa = PBXFileReference; lastKnownFileType = sourcecode.swift; path = featureOneViewController.swift; sourceTree = "<group>"; };
		7B19708C2887576A007534E2 /* featureTwoViewController.swift */ = {isa = PBXFileReference; lastKnownFileType = sourcecode.swift; path = featureTwoViewController.swift; sourceTree = "<group>"; };
		7B19708E28875787007534E2 /* featureThreeViewController.swift */ = {isa = PBXFileReference; lastKnownFileType = sourcecode.swift; path = featureThreeViewController.swift; sourceTree = "<group>"; };
		7B197090288757A4007534E2 /* hotlinesAndResourcesViewController.swift */ = {isa = PBXFileReference; lastKnownFileType = sourcecode.swift; path = hotlinesAndResourcesViewController.swift; sourceTree = "<group>"; };
		7B1970B528876449007534E2 /* anxietyInfoViewController.swift */ = {isa = PBXFileReference; lastKnownFileType = sourcecode.swift; path = anxietyInfoViewController.swift; sourceTree = "<group>"; };
		7B1970B728876463007534E2 /* panicAttacksInfoViewController.swift */ = {isa = PBXFileReference; lastKnownFileType = sourcecode.swift; path = panicAttacksInfoViewController.swift; sourceTree = "<group>"; };
		7B1970B92887648F007534E2 /* differenceAnxietyPanicAttackViewController.swift */ = {isa = PBXFileReference; lastKnownFileType = sourcecode.swift; path = differenceAnxietyPanicAttackViewController.swift; sourceTree = "<group>"; };
		7B1970BB288764AE007534E2 /* learnEvenMoreViewController.swift */ = {isa = PBXFileReference; lastKnownFileType = sourcecode.swift; path = learnEvenMoreViewController.swift; sourceTree = "<group>"; };
/* End PBXFileReference section */

/* Begin PBXFrameworksBuildPhase section */
		7B19706728874D81007534E2 /* Frameworks */ = {
			isa = PBXFrameworksBuildPhase;
			buildActionMask = 2147483647;
			files = (
			);
			runOnlyForDeploymentPostprocessing = 0;
		};
/* End PBXFrameworksBuildPhase section */

/* Begin PBXGroup section */
		7B19706128874D81007534E2 = {
			isa = PBXGroup;
			children = (
				7B19706C28874D81007534E2 /* safe zone */,
				7B19706B28874D81007534E2 /* Products */,
			);
			sourceTree = "<group>";
		};
		7B19706B28874D81007534E2 /* Products */ = {
			isa = PBXGroup;
			children = (
				7B19706A28874D81007534E2 /* final project.app */,
			);
			name = Products;
			sourceTree = "<group>";
		};
		7B19706C28874D81007534E2 /* safe zone */ = {
			isa = PBXGroup;
			children = (
				7B19706D28874D81007534E2 /* AppDelegate.swift */,
				7B19706F28874D81007534E2 /* SceneDelegate.swift */,
				7B19707128874D81007534E2 /* ViewController.swift */,
				7B1970B528876449007534E2 /* anxietyInfoViewController.swift */,
				7B1970B728876463007534E2 /* panicAttacksInfoViewController.swift */,
				7B19707328874D81007534E2 /* Main.storyboard */,
				7B1970BB288764AE007534E2 /* learnEvenMoreViewController.swift */,
				7B1970B92887648F007534E2 /* differenceAnxietyPanicAttackViewController.swift */,
				7B197090288757A4007534E2 /* hotlinesAndResourcesViewController.swift */,
				7B19708E28875787007534E2 /* featureThreeViewController.swift */,
				7B19708C2887576A007534E2 /* featureTwoViewController.swift */,
				7B19708A28875743007534E2 /* featureOneViewController.swift */,
				7B1970842887524F007534E2 /* checkInViewController.swift */,
				7B1970862887525F007534E2 /* informationViewController.swift */,
				7B19707928874D82007534E2 /* Assets.xcassets */,
				7B19707B28874D82007534E2 /* LaunchScreen.storyboard */,
				7B19707E28874D82007534E2 /* Info.plist */,
				7B19707628874D81007534E2 /* final_project.xcdatamodeld */,
			);
			path = "safe zone";
			sourceTree = "<group>";
		};
/* End PBXGroup section */

/* Begin PBXNativeTarget section */
		7B19706928874D81007534E2 /* final project */ = {
			isa = PBXNativeTarget;
			buildConfigurationList = 7B19708128874D82007534E2 /* Build configuration list for PBXNativeTarget "final project" */;
			buildPhases = (
				7B19706628874D81007534E2 /* Sources */,
				7B19706728874D81007534E2 /* Frameworks */,
				7B19706828874D81007534E2 /* Resources */,
			);
			buildRules = (
			);
			dependencies = (
			);
			name = "final project";
			productName = "final project";
			productReference = 7B19706A28874D81007534E2 /* final project.app */;
			productType = "com.apple.product-type.application";
		};
/* End PBXNativeTarget section */

/* Begin PBXProject section */
		7B19706228874D81007534E2 /* Project object */ = {
			isa = PBXProject;
			attributes = {
				BuildIndependentTargetsInParallel = 1;
				LastSwiftUpdateCheck = 1340;
				LastUpgradeCheck = 1340;
				TargetAttributes = {
					7B19706928874D81007534E2 = {
						CreatedOnToolsVersion = 13.4.1;
					};
				};
			};
			buildConfigurationList = 7B19706528874D81007534E2 /* Build configuration list for PBXProject "safe zone" */;
			compatibilityVersion = "Xcode 13.0";
			developmentRegion = en;
			hasScannedForEncodings = 0;
			knownRegions = (
				en,
				Base,
			);
			mainGroup = 7B19706128874D81007534E2;
			productRefGroup = 7B19706B28874D81007534E2 /* Products */;
			projectDirPath = "";
			projectRoot = "";
			targets = (
				7B19706928874D81007534E2 /* final project */,
			);
		};
/* End PBXProject section */

/* Begin PBXResourcesBuildPhase section */
		7B19706828874D81007534E2 /* Resources */ = {
			isa = PBXResourcesBuildPhase;
			buildActionMask = 2147483647;
			files = (
				7B19707D28874D82007534E2 /* LaunchScreen.storyboard in Resources */,
				7B19707A28874D82007534E2 /* Assets.xcassets in Resources */,
				7B19707528874D81007534E2 /* Main.storyboard in Resources */,
			);
			runOnlyForDeploymentPostprocessing = 0;
		};
/* End PBXResourcesBuildPhase section */

/* Begin PBXSourcesBuildPhase section */
		7B19706628874D81007534E2 /* Sources */ = {
			isa = PBXSourcesBuildPhase;
			buildActionMask = 2147483647;
			files = (
				7B1970BA2887648F007534E2 /* differenceAnxietyPanicAttackViewController.swift in Sources */,
				7B19707228874D81007534E2 /* ViewController.swift in Sources */,
				7B1970BC288764AE007534E2 /* learnEvenMoreViewController.swift in Sources */,
				7B19708F28875787007534E2 /* featureThreeViewController.swift in Sources */,
				7B197091288757A4007534E2 /* hotlinesAndResourcesViewController.swift in Sources */,
				7B1970852887524F007534E2 /* checkInViewController.swift in Sources */,
				7B19708B28875743007534E2 /* featureOneViewController.swift in Sources */,
				7B19706E28874D81007534E2 /* AppDelegate.swift in Sources */,
				7B19707828874D81007534E2 /* final_project.xcdatamodeld in Sources */,
				7B19707028874D81007534E2 /* SceneDelegate.swift in Sources */,
				7B1970B828876463007534E2 /* panicAttacksInfoViewController.swift in Sources */,
				7B1970B628876449007534E2 /* anxietyInfoViewController.swift in Sources */,
				7B19708D2887576A007534E2 /* featureTwoViewController.swift in Sources */,
				7B1970872887525F007534E2 /* informationViewController.swift in Sources */,
			);
			runOnlyForDeploymentPostprocessing = 0;
		};
/* End PBXSourcesBuildPhase section */

/* Begin PBXVariantGroup section */
		7B19707328874D81007534E2 /* Main.storyboard */ = {
			isa = PBXVariantGroup;
			children = (
				7B19707428874D81007534E2 /* Base */,
			);
			name = Main.storyboard;
			sourceTree = "<group>";
		};
		7B19707B28874D82007534E2 /* LaunchScreen.storyboard */ = {
			isa = PBXVariantGroup;
			children = (
				7B19707C28874D82007534E2 /* Base */,
			);
			name = LaunchScreen.storyboard;
			sourceTree = "<group>";
		};
/* End PBXVariantGroup section */

/* Begin XCBuildConfiguration section */
		7B19707F28874D82007534E2 /* Debug */ = {
			isa = XCBuildConfiguration;
			buildSettings = {
				ALWAYS_SEARCH_USER_PATHS = NO;
				CLANG_ANALYZER_NONNULL = YES;
				CLANG_ANALYZER_NUMBER_OBJECT_CONVERSION = YES_AGGRESSIVE;
				CLANG_CXX_LANGUAGE_STANDARD = "gnu++17";
				CLANG_ENABLE_MODULES = YES;
				CLANG_ENABLE_OBJC_ARC = YES;
				CLANG_ENABLE_OBJC_WEAK = YES;
				CLANG_WARN_BLOCK_CAPTURE_AUTORELEASING = YES;
				CLANG_WARN_BOOL_CONVERSION = YES;
				CLANG_WARN_COMMA = YES;
				CLANG_WARN_CONSTANT_CONVERSION = YES;
				CLANG_WARN_DEPRECATED_OBJC_IMPLEMENTATIONS = YES;
				CLANG_WARN_DIRECT_OBJC_ISA_USAGE = YES_ERROR;
				CLANG_WARN_DOCUMENTATION_COMMENTS = YES;
				CLANG_WARN_EMPTY_BODY = YES;
				CLANG_WARN_ENUM_CONVERSION = YES;
				CLANG_WARN_INFINITE_RECURSION = YES;
				CLANG_WARN_INT_CONVERSION = YES;
				CLANG_WARN_NON_LITERAL_NULL_CONVERSION = YES;
				CLANG_WARN_OBJC_IMPLICIT_RETAIN_SELF = YES;
				CLANG_WARN_OBJC_LITERAL_CONVERSION = YES;
				CLANG_WARN_OBJC_ROOT_CLASS = YES_ERROR;
				CLANG_WARN_QUOTED_INCLUDE_IN_FRAMEWORK_HEADER = YES;
				CLANG_WARN_RANGE_LOOP_ANALYSIS = YES;
				CLANG_WARN_STRICT_PROTOTYPES = YES;
				CLANG_WARN_SUSPICIOUS_MOVE = YES;
				CLANG_WARN_UNGUARDED_AVAILABILITY = YES_AGGRESSIVE;
				CLANG_WARN_UNREACHABLE_CODE = YES;
				CLANG_WARN__DUPLICATE_METHOD_MATCH = YES;
				COPY_PHASE_STRIP = NO;
				DEBUG_INFORMATION_FORMAT = dwarf;
				ENABLE_STRICT_OBJC_MSGSEND = YES;
				ENABLE_TESTABILITY = YES;
				GCC_C_LANGUAGE_STANDARD = gnu11;
				GCC_DYNAMIC_NO_PIC = NO;
				GCC_NO_COMMON_BLOCKS = YES;
				GCC_OPTIMIZATION_LEVEL = 0;
				GCC_PREPROCESSOR_DEFINITIONS = (
					"DEBUG=1",
					"$(inherited)",
				);
				GCC_WARN_64_TO_32_BIT_CONVERSION = YES;
				GCC_WARN_ABOUT_RETURN_TYPE = YES_ERROR;
				GCC_WARN_UNDECLARED_SELECTOR = YES;
				GCC_WARN_UNINITIALIZED_AUTOS = YES_AGGRESSIVE;
				GCC_WARN_UNUSED_FUNCTION = YES;
				GCC_WARN_UNUSED_VARIABLE = YES;
				IPHONEOS_DEPLOYMENT_TARGET = 15.5;
				MTL_ENABLE_DEBUG_INFO = INCLUDE_SOURCE;
				MTL_FAST_MATH = YES;
				ONLY_ACTIVE_ARCH = YES;
				SDKROOT = iphoneos;
				SWIFT_ACTIVE_COMPILATION_CONDITIONS = DEBUG;
				SWIFT_OPTIMIZATION_LEVEL = "-Onone";
			};
			name = Debug;
		};
		7B19708028874D82007534E2 /* Release */ = {
			isa = XCBuildConfiguration;
			buildSettings = {
				ALWAYS_SEARCH_USER_PATHS = NO;
				CLANG_ANALYZER_NONNULL = YES;
				CLANG_ANALYZER_NUMBER_OBJECT_CONVERSION = YES_AGGRESSIVE;
				CLANG_CXX_LANGUAGE_STANDARD = "gnu++17";
				CLANG_ENABLE_MODULES = YES;
				CLANG_ENABLE_OBJC_ARC = YES;
				CLANG_ENABLE_OBJC_WEAK = YES;
				CLANG_WARN_BLOCK_CAPTURE_AUTORELEASING = YES;
				CLANG_WARN_BOOL_CONVERSION = YES;
				CLANG_WARN_COMMA = YES;
				CLANG_WARN_CONSTANT_CONVERSION = YES;
				CLANG_WARN_DEPRECATED_OBJC_IMPLEMENTATIONS = YES;
				CLANG_WARN_DIRECT_OBJC_ISA_USAGE = YES_ERROR;
				CLANG_WARN_DOCUMENTATION_COMMENTS = YES;
				CLANG_WARN_EMPTY_BODY = YES;
				CLANG_WARN_ENUM_CONVERSION = YES;
				CLANG_WARN_INFINITE_RECURSION = YES;
				CLANG_WARN_INT_CONVERSION = YES;
				CLANG_WARN_NON_LITERAL_NULL_CONVERSION = YES;
				CLANG_WARN_OBJC_IMPLICIT_RETAIN_SELF = YES;
				CLANG_WARN_OBJC_LITERAL_CONVERSION = YES;
				CLANG_WARN_OBJC_ROOT_CLASS = YES_ERROR;
				CLANG_WARN_QUOTED_INCLUDE_IN_FRAMEWORK_HEADER = YES;
				CLANG_WARN_RANGE_LOOP_ANALYSIS = YES;
				CLANG_WARN_STRICT_PROTOTYPES = YES;
				CLANG_WARN_SUSPICIOUS_MOVE = YES;
				CLANG_WARN_UNGUARDED_AVAILABILITY = YES_AGGRESSIVE;
				CLANG_WARN_UNREACHABLE_CODE = YES;
				CLANG_WARN__DUPLICATE_METHOD_MATCH = YES;
				COPY_PHASE_STRIP = NO;
				DEBUG_INFORMATION_FORMAT = "dwarf-with-dsym";
				ENABLE_NS_ASSERTIONS = NO;
				ENABLE_STRICT_OBJC_MSGSEND = YES;
				GCC_C_LANGUAGE_STANDARD = gnu11;
				GCC_NO_COMMON_BLOCKS = YES;
				GCC_WARN_64_TO_32_BIT_CONVERSION = YES;
				GCC_WARN_ABOUT_RETURN_TYPE = YES_ERROR;
				GCC_WARN_UNDECLARED_SELECTOR = YES;
				GCC_WARN_UNINITIALIZED_AUTOS = YES_AGGRESSIVE;
				GCC_WARN_UNUSED_FUNCTION = YES;
				GCC_WARN_UNUSED_VARIABLE = YES;
				IPHONEOS_DEPLOYMENT_TARGET = 15.5;
				MTL_ENABLE_DEBUG_INFO = NO;
				MTL_FAST_MATH = YES;
				SDKROOT = iphoneos;
				SWIFT_COMPILATION_MODE = wholemodule;
				SWIFT_OPTIMIZATION_LEVEL = "-O";
				VALIDATE_PRODUCT = YES;
			};
			name = Release;
		};
		7B19708228874D82007534E2 /* Debug */ = {
			isa = XCBuildConfiguration;
			buildSettings = {
				ASSETCATALOG_COMPILER_APPICON_NAME = AppIcon;
				ASSETCATALOG_COMPILER_GLOBAL_ACCENT_COLOR_NAME = AccentColor;
				CODE_SIGN_STYLE = Automatic;
				CURRENT_PROJECT_VERSION = 1;
				DEVELOPMENT_TEAM = BX24B2WBNJ;
				GENERATE_INFOPLIST_FILE = YES;
				INFOPLIST_FILE = "final project/Info.plist";
				INFOPLIST_KEY_UIApplicationSupportsIndirectInputEvents = YES;
				INFOPLIST_KEY_UILaunchStoryboardName = LaunchScreen;
				INFOPLIST_KEY_UIMainStoryboardFile = Main;
				INFOPLIST_KEY_UISupportedInterfaceOrientations_iPad = "UIInterfaceOrientationPortrait UIInterfaceOrientationPortraitUpsideDown UIInterfaceOrientationLandscapeLeft UIInterfaceOrientationLandscapeRight";
				INFOPLIST_KEY_UISupportedInterfaceOrientations_iPhone = "UIInterfaceOrientationPortrait UIInterfaceOrientationLandscapeLeft UIInterfaceOrientationLandscapeRight";
				LD_RUNPATH_SEARCH_PATHS = (
					"$(inherited)",
					"@executable_path/Frameworks",
				);
				MARKETING_VERSION = 1.0;
				PRODUCT_BUNDLE_IDENTIFIER = "kwk.final-project";
				PRODUCT_NAME = "$(TARGET_NAME)";
				SWIFT_EMIT_LOC_STRINGS = YES;
				SWIFT_VERSION = 5.0;
				TARGETED_DEVICE_FAMILY = "1,2";
			};
			name = Debug;
		};
		7B19708328874D82007534E2 /* Release */ = {
			isa = XCBuildConfiguration;
			buildSettings = {
				ASSETCATALOG_COMPILER_APPICON_NAME = AppIcon;
				ASSETCATALOG_COMPILER_GLOBAL_ACCENT_COLOR_NAME = AccentColor;
				CODE_SIGN_STYLE = Automatic;
				CURRENT_PROJECT_VERSION = 1;
				DEVELOPMENT_TEAM = BX24B2WBNJ;
				GENERATE_INFOPLIST_FILE = YES;
				INFOPLIST_FILE = "final project/Info.plist";
				INFOPLIST_KEY_UIApplicationSupportsIndirectInputEvents = YES;
				INFOPLIST_KEY_UILaunchStoryboardName = LaunchScreen;
				INFOPLIST_KEY_UIMainStoryboardFile = Main;
				INFOPLIST_KEY_UISupportedInterfaceOrientations_iPad = "UIInterfaceOrientationPortrait UIInterfaceOrientationPortraitUpsideDown UIInterfaceOrientationLandscapeLeft UIInterfaceOrientationLandscapeRight";
				INFOPLIST_KEY_UISupportedInterfaceOrientations_iPhone = "UIInterfaceOrientationPortrait UIInterfaceOrientationLandscapeLeft UIInterfaceOrientationLandscapeRight";
				LD_RUNPATH_SEARCH_PATHS = (
					"$(inherited)",
					"@executable_path/Frameworks",
				);
				MARKETING_VERSION = 1.0;
				PRODUCT_BUNDLE_IDENTIFIER = "kwk.final-project";
				PRODUCT_NAME = "$(TARGET_NAME)";
				SWIFT_EMIT_LOC_STRINGS = YES;
				SWIFT_VERSION = 5.0;
				TARGETED_DEVICE_FAMILY = "1,2";
			};
			name = Release;
		};
/* End XCBuildConfiguration section */

/* Begin XCConfigurationList section */
		7B19706528874D81007534E2 /* Build configuration list for PBXProject "safe zone" */ = {
			isa = XCConfigurationList;
			buildConfigurations = (
				7B19707F28874D82007534E2 /* Debug */,
				7B19708028874D82007534E2 /* Release */,
			);
			defaultConfigurationIsVisible = 0;
			defaultConfigurationName = Release;
		};
		7B19708128874D82007534E2 /* Build configuration list for PBXNativeTarget "final project" */ = {
			isa = XCConfigurationList;
			buildConfigurations = (
				7B19708228874D82007534E2 /* Debug */,
				7B19708328874D82007534E2 /* Release */,
			);
			defaultConfigurationIsVisible = 0;
			defaultConfigurationName = Release;
		};
/* End XCConfigurationList section */

/* Begin XCVersionGroup section */
		7B19707628874D81007534E2 /* final_project.xcdatamodeld */ = {
			isa = XCVersionGroup;
			children = (
				7B19707728874D81007534E2 /* final_project.xcdatamodel */,
			);
			currentVersion = 7B19707728874D81007534E2 /* final_project.xcdatamodel */;
			path = final_project.xcdatamodeld;
			sourceTree = "<group>";
			versionGroupType = wrapper.xcdatamodel;
		};
/* End XCVersionGroup section */
	};
	rootObject = 7B19706228874D81007534E2 /* Project object */;
}
